
Microsoft Visual Studio Solution File, Format Version 12.00
# Visual Studio Version 17
VisualStudioVersion = 17.12.35506.116
MinimumVisualStudioVersion = 10.0.40219.1
Project("{2150E333-8FDC-42A3-9474-1A3956D46DE8}") = "src", "src", "{A2E5176F-DF22-403A-9204-4DBC54BBCA3B}"
EndProject
Project("{2150E333-8FDC-42A3-9474-1A3956D46DE8}") = "Presentation", "Presentation", "{11DDF153-D937-4E3D-99DD-D8838172918C}"
EndProject
Project("{FAE04EC0-301F-11D3-BF4B-00C04F79EFBC}") = "Api", "src\Presentation\Api\Api.csproj", "{C7FFC0E5-10FF-4C36-BEEB-B345A88331C1}"
EndProject
Project("{2150E333-8FDC-42A3-9474-1A3956D46DE8}") = "sdk", "sdk", "{04B0753E-12A4-4C82-A172-288D61312FB1}"
EndProject
Project("{FAE04EC0-301F-11D3-BF4B-00C04F79EFBC}") = "Sdk", "Sdk\Sdk.csproj", "{204261A4-62DA-4954-B7C9-A51C6004D0A7}"
EndProject
Project("{2150E333-8FDC-42A3-9474-1A3956D46DE8}") = "Solution Items", "Solution Items", "{EC510825-868C-4018-80ED-932D43B5A6BA}"
	ProjectSection(SolutionItems) = preProject
		docker-compose.yml = docker-compose.yml
		src\nuget.config = src\nuget.config
	EndProjectSection
EndProject
Project("{2150E333-8FDC-42A3-9474-1A3956D46DE8}") = "Helpers", "Helpers", "{5C298AE4-4AE0-4A8D-9F27-FC40D0945CE8}"
EndProject
Project("{FAE04EC0-301F-11D3-BF4B-00C04F79EFBC}") = "Identity.Api", "Identity.Api\Identity.Api.csproj", "{A904314D-5C3A-4F7A-B057-B2ECAFC822F7}"
EndProject
Project("{2150E333-8FDC-42A3-9474-1A3956D46DE8}") = "Tests", "Tests", "{9B00FAC1-A11F-4883-BA46-EA0501F7B2C4}"
EndProject
Project("{FAE04EC0-301F-11D3-BF4B-00C04F79EFBC}") = "SocialMediaBackend.UnitTests", "src\Tests\SocialMediaBackend.UnitTests\SocialMediaBackend.UnitTests.csproj", "{6B793069-1B33-45DA-B1C9-1C5AD476D2A8}"
EndProject
Project("{FAE04EC0-301F-11D3-BF4B-00C04F79EFBC}") = "Tests.Core", "src\Tests\Tests.Core\Tests.Core.csproj", "{EF0D9E81-D519-47F9-B5BB-1319EA1BEA24}"
EndProject
Project("{FAE04EC0-301F-11D3-BF4B-00C04F79EFBC}") = "SocialMediaBackend.IntegrationTests", "src\Tests\SocialMediaBackend.IntegrationTests\SocialMediaBackend.IntegrationTests.csproj", "{C94248BF-A102-42CD-A106-158730F89EBD}"
EndProject
Project("{2150E333-8FDC-42A3-9474-1A3956D46DE8}") = "Modules", "Modules", "{1EB6AD4D-91BB-4572-AEDD-81BED2882F97}"
EndProject
Project("{2150E333-8FDC-42A3-9474-1A3956D46DE8}") = "Users", "Users", "{4274D189-B5BE-446D-855D-05F990FF6C95}"
EndProject
Project("{2150E333-8FDC-42A3-9474-1A3956D46DE8}") = "Feed", "Feed", "{5F199362-B8D2-4057-91CE-603D45C041E7}"
EndProject
Project("{FAE04EC0-301F-11D3-BF4B-00C04F79EFBC}") = "SocialMediaBackend.Modules.Users.Domain", "src\Modules\Users\Domain\SocialMediaBackend.Modules.Users.Domain.csproj", "{F52130D2-6EF4-40B8-BA80-79A8C3E524AA}"
EndProject
Project("{FAE04EC0-301F-11D3-BF4B-00C04F79EFBC}") = "SocialMediaBackend.Modules.Users.Infrastructure", "src\Modules\Users\Infrastructure\SocialMediaBackend.Modules.Users.Infrastructure.csproj", "{65DBB002-F9B1-4B34-89D2-7250D7460AB3}"
EndProject
Project("{FAE04EC0-301F-11D3-BF4B-00C04F79EFBC}") = "SocialMediaBackend.Modules.Users.Application", "src\Modules\Users\Application\SocialMediaBackend.Modules.Users.Application.csproj", "{EBD1054C-37D9-46DA-9938-0C68ABF08673}"
EndProject
Global
	GlobalSection(SolutionConfigurationPlatforms) = preSolution
		Debug|Any CPU = Debug|Any CPU
		Release|Any CPU = Release|Any CPU
	EndGlobalSection
	GlobalSection(ProjectConfigurationPlatforms) = postSolution
		{C7FFC0E5-10FF-4C36-BEEB-B345A88331C1}.Debug|Any CPU.ActiveCfg = Debug|Any CPU
		{C7FFC0E5-10FF-4C36-BEEB-B345A88331C1}.Debug|Any CPU.Build.0 = Debug|Any CPU
		{C7FFC0E5-10FF-4C36-BEEB-B345A88331C1}.Release|Any CPU.ActiveCfg = Release|Any CPU
		{C7FFC0E5-10FF-4C36-BEEB-B345A88331C1}.Release|Any CPU.Build.0 = Release|Any CPU
		{204261A4-62DA-4954-B7C9-A51C6004D0A7}.Debug|Any CPU.ActiveCfg = Debug|Any CPU
		{204261A4-62DA-4954-B7C9-A51C6004D0A7}.Debug|Any CPU.Build.0 = Debug|Any CPU
		{204261A4-62DA-4954-B7C9-A51C6004D0A7}.Release|Any CPU.ActiveCfg = Release|Any CPU
		{204261A4-62DA-4954-B7C9-A51C6004D0A7}.Release|Any CPU.Build.0 = Release|Any CPU
		{A904314D-5C3A-4F7A-B057-B2ECAFC822F7}.Debug|Any CPU.ActiveCfg = Debug|Any CPU
		{A904314D-5C3A-4F7A-B057-B2ECAFC822F7}.Debug|Any CPU.Build.0 = Debug|Any CPU
		{A904314D-5C3A-4F7A-B057-B2ECAFC822F7}.Release|Any CPU.ActiveCfg = Release|Any CPU
		{A904314D-5C3A-4F7A-B057-B2ECAFC822F7}.Release|Any CPU.Build.0 = Release|Any CPU
		{6B793069-1B33-45DA-B1C9-1C5AD476D2A8}.Debug|Any CPU.ActiveCfg = Debug|Any CPU
		{6B793069-1B33-45DA-B1C9-1C5AD476D2A8}.Debug|Any CPU.Build.0 = Debug|Any CPU
		{6B793069-1B33-45DA-B1C9-1C5AD476D2A8}.Release|Any CPU.ActiveCfg = Release|Any CPU
		{6B793069-1B33-45DA-B1C9-1C5AD476D2A8}.Release|Any CPU.Build.0 = Release|Any CPU
		{EF0D9E81-D519-47F9-B5BB-1319EA1BEA24}.Debug|Any CPU.ActiveCfg = Debug|Any CPU
		{EF0D9E81-D519-47F9-B5BB-1319EA1BEA24}.Debug|Any CPU.Build.0 = Debug|Any CPU
		{EF0D9E81-D519-47F9-B5BB-1319EA1BEA24}.Release|Any CPU.ActiveCfg = Release|Any CPU
		{EF0D9E81-D519-47F9-B5BB-1319EA1BEA24}.Release|Any CPU.Build.0 = Release|Any CPU
		{C94248BF-A102-42CD-A106-158730F89EBD}.Debug|Any CPU.ActiveCfg = Debug|Any CPU
		{C94248BF-A102-42CD-A106-158730F89EBD}.Debug|Any CPU.Build.0 = Debug|Any CPU
		{C94248BF-A102-42CD-A106-158730F89EBD}.Release|Any CPU.ActiveCfg = Release|Any CPU
		{C94248BF-A102-42CD-A106-158730F89EBD}.Release|Any CPU.Build.0 = Release|Any CPU
		{F52130D2-6EF4-40B8-BA80-79A8C3E524AA}.Debug|Any CPU.ActiveCfg = Debug|Any CPU
		{F52130D2-6EF4-40B8-BA80-79A8C3E524AA}.Debug|Any CPU.Build.0 = Debug|Any CPU
		{F52130D2-6EF4-40B8-BA80-79A8C3E524AA}.Release|Any CPU.ActiveCfg = Release|Any CPU
		{F52130D2-6EF4-40B8-BA80-79A8C3E524AA}.Release|Any CPU.Build.0 = Release|Any CPU
		{65DBB002-F9B1-4B34-89D2-7250D7460AB3}.Debug|Any CPU.ActiveCfg = Debug|Any CPU
		{65DBB002-F9B1-4B34-89D2-7250D7460AB3}.Debug|Any CPU.Build.0 = Debug|Any CPU
		{65DBB002-F9B1-4B34-89D2-7250D7460AB3}.Release|Any CPU.ActiveCfg = Release|Any CPU
		{65DBB002-F9B1-4B34-89D2-7250D7460AB3}.Release|Any CPU.Build.0 = Release|Any CPU
		{EBD1054C-37D9-46DA-9938-0C68ABF08673}.Debug|Any CPU.ActiveCfg = Debug|Any CPU
		{EBD1054C-37D9-46DA-9938-0C68ABF08673}.Debug|Any CPU.Build.0 = Debug|Any CPU
		{EBD1054C-37D9-46DA-9938-0C68ABF08673}.Release|Any CPU.ActiveCfg = Release|Any CPU
		{EBD1054C-37D9-46DA-9938-0C68ABF08673}.Release|Any CPU.Build.0 = Release|Any CPU
	EndGlobalSection
	GlobalSection(SolutionProperties) = preSolution
		HideSolutionNode = FALSE
	EndGlobalSection
	GlobalSection(NestedProjects) = preSolution
		{11DDF153-D937-4E3D-99DD-D8838172918C} = {A2E5176F-DF22-403A-9204-4DBC54BBCA3B}
		{C7FFC0E5-10FF-4C36-BEEB-B345A88331C1} = {11DDF153-D937-4E3D-99DD-D8838172918C}
		{204261A4-62DA-4954-B7C9-A51C6004D0A7} = {04B0753E-12A4-4C82-A172-288D61312FB1}
		{A904314D-5C3A-4F7A-B057-B2ECAFC822F7} = {5C298AE4-4AE0-4A8D-9F27-FC40D0945CE8}
		{9B00FAC1-A11F-4883-BA46-EA0501F7B2C4} = {A2E5176F-DF22-403A-9204-4DBC54BBCA3B}
		{6B793069-1B33-45DA-B1C9-1C5AD476D2A8} = {9B00FAC1-A11F-4883-BA46-EA0501F7B2C4}
		{EF0D9E81-D519-47F9-B5BB-1319EA1BEA24} = {9B00FAC1-A11F-4883-BA46-EA0501F7B2C4}
		{C94248BF-A102-42CD-A106-158730F89EBD} = {9B00FAC1-A11F-4883-BA46-EA0501F7B2C4}
		{1EB6AD4D-91BB-4572-AEDD-81BED2882F97} = {A2E5176F-DF22-403A-9204-4DBC54BBCA3B}
		{4274D189-B5BE-446D-855D-05F990FF6C95} = {1EB6AD4D-91BB-4572-AEDD-81BED2882F97}
		{5F199362-B8D2-4057-91CE-603D45C041E7} = {1EB6AD4D-91BB-4572-AEDD-81BED2882F97}
		{F52130D2-6EF4-40B8-BA80-79A8C3E524AA} = {4274D189-B5BE-446D-855D-05F990FF6C95}
		{65DBB002-F9B1-4B34-89D2-7250D7460AB3} = {4274D189-B5BE-446D-855D-05F990FF6C95}
		{EBD1054C-37D9-46DA-9938-0C68ABF08673} = {4274D189-B5BE-446D-855D-05F990FF6C95}
	EndGlobalSection
EndGlobal
