
Microsoft Visual Studio Solution File, Format Version 12.00
# Visual Studio Version 17
VisualStudioVersion = 17.12.35506.116
MinimumVisualStudioVersion = 10.0.40219.1
Project("{2150E333-8FDC-42A3-9474-1A3956D46DE8}") = "src", "src", "{A2E5176F-DF22-403A-9204-4DBC54BBCA3B}"
EndProject
Project("{2150E333-8FDC-42A3-9474-1A3956D46DE8}") = "Presentation", "Presentation", "{11DDF153-D937-4E3D-99DD-D8838172918C}"
EndProject
Project("{FAE04EC0-301F-11D3-BF4B-00C04F79EFBC}") = "Api", "src\Presentation\Api\Api.csproj", "{C7FFC0E5-10FF-4C36-BEEB-B345A88331C1}"
EndProject
Project("{2150E333-8FDC-42A3-9474-1A3956D46DE8}") = "sdk", "sdk", "{04B0753E-12A4-4C82-A172-288D61312FB1}"
EndProject
Project("{FAE04EC0-301F-11D3-BF4B-00C04F79EFBC}") = "Sdk", "Sdk\Sdk.csproj", "{204261A4-62DA-4954-B7C9-A51C6004D0A7}"
EndProject
Project("{2150E333-8FDC-42A3-9474-1A3956D46DE8}") = "Solution Items", "Solution Items", "{EC510825-868C-4018-80ED-932D43B5A6BA}"
	ProjectSection(SolutionItems) = preProject
		docker-compose.yml = docker-compose.yml
		src\nuget.config = src\nuget.config
	EndProjectSection
EndProject
Project("{2150E333-8FDC-42A3-9474-1A3956D46DE8}") = "Helpers", "Helpers", "{5C298AE4-4AE0-4A8D-9F27-FC40D0945CE8}"
EndProject
Project("{FAE04EC0-301F-11D3-BF4B-00C04F79EFBC}") = "Identity.Api", "Identity.Api\Identity.Api.csproj", "{A904314D-5C3A-4F7A-B057-B2ECAFC822F7}"
EndProject
Project("{2150E333-8FDC-42A3-9474-1A3956D46DE8}") = "Tests", "Tests", "{9B00FAC1-A11F-4883-BA46-EA0501F7B2C4}"
EndProject
Project("{2150E333-8FDC-42A3-9474-1A3956D46DE8}") = "Modules", "Modules", "{1EB6AD4D-91BB-4572-AEDD-81BED2882F97}"
EndProject
Project("{2150E333-8FDC-42A3-9474-1A3956D46DE8}") = "Users", "Users", "{4274D189-B5BE-446D-855D-05F990FF6C95}"
EndProject
Project("{2150E333-8FDC-42A3-9474-1A3956D46DE8}") = "Feed", "Feed", "{5F199362-B8D2-4057-91CE-603D45C041E7}"
EndProject
Project("{FAE04EC0-301F-11D3-BF4B-00C04F79EFBC}") = "SocialMediaBackend.Modules.Users.Domain", "src\Modules\Users\Domain\SocialMediaBackend.Modules.Users.Domain.csproj", "{F52130D2-6EF4-40B8-BA80-79A8C3E524AA}"
EndProject
Project("{FAE04EC0-301F-11D3-BF4B-00C04F79EFBC}") = "SocialMediaBackend.Modules.Users.Infrastructure", "src\Modules\Users\Infrastructure\SocialMediaBackend.Modules.Users.Infrastructure.csproj", "{65DBB002-F9B1-4B34-89D2-7250D7460AB3}"
EndProject
Project("{FAE04EC0-301F-11D3-BF4B-00C04F79EFBC}") = "SocialMediaBackend.Modules.Users.Application", "src\Modules\Users\Application\SocialMediaBackend.Modules.Users.Application.csproj", "{EBD1054C-37D9-46DA-9938-0C68ABF08673}"
EndProject
Project("{2150E333-8FDC-42A3-9474-1A3956D46DE8}") = "Tests", "Tests", "{CC13822B-E6DA-45AD-A6EE-28B9DA8978DF}"
EndProject
Project("{FAE04EC0-301F-11D3-BF4B-00C04F79EFBC}") = "SocialMediaBackend.Modules.Feed.Tests.UnitTests", "src\Modules\Feed\Tests\SocialMediaBackend.Modules.Feed.Tests.UnitTests\SocialMediaBackend.Modules.Feed.Tests.UnitTests.csproj", "{8FF3E63D-CF86-4D73-A819-0F58828280EF}"
EndProject
Project("{FAE04EC0-301F-11D3-BF4B-00C04F79EFBC}") = "SocialMediaBackend.Modules.Feed.Tests.IntegrationTests", "src\Modules\Feed\Tests\SocialMediaBackend.Modules.Feed.Tests.IntegrationTests\SocialMediaBackend.Modules.Feed.Tests.IntegrationTests.csproj", "{745CFFAE-1DC7-49CD-A7EC-7D787A540E9C}"
EndProject
Project("{FAE04EC0-301F-11D3-BF4B-00C04F79EFBC}") = "SocialMediaBackend.Modules.Feed.Tests.Core", "src\Modules\Feed\Tests\SocialMediaBackend.Modules.Feed.Tests.Core\SocialMediaBackend.Modules.Feed.Tests.Core.csproj", "{C5B81626-8437-4C6A-AA27-78973D9FAB8D}"
EndProject
Project("{FAE04EC0-301F-11D3-BF4B-00C04F79EFBC}") = "SocialMediaBackend.Modules.Users.Tests.Core", "src\Modules\Users\Tests\Tests.Core\SocialMediaBackend.Modules.Users.Tests.Core.csproj", "{7B3BE186-5588-4F8A-B78B-B43A1E418F3E}"
EndProject
Project("{FAE04EC0-301F-11D3-BF4B-00C04F79EFBC}") = "SocialMediaBackend.Modules.Users.Tests.UnitTests", "src\Modules\Users\Tests\SocialMediaBackend.UnitTests\SocialMediaBackend.Modules.Users.Tests.UnitTests.csproj", "{947E9160-4858-4FAD-BD80-731C02E5FA77}"
EndProject
Project("{FAE04EC0-301F-11D3-BF4B-00C04F79EFBC}") = "SocialMediaBackend.Modules.Users.Tests.IntegrationTests", "src\Modules\Users\Tests\SocialMediaBackend.IntegrationTests\SocialMediaBackend.Modules.Users.Tests.IntegrationTests.csproj", "{A17C1113-64B6-4231-8335-747E0BBFD4A6}"
EndProject
Project("{2150E333-8FDC-42A3-9474-1A3956D46DE8}") = "BuildingBlocks", "BuildingBlocks", "{1C2E08F2-6A68-4742-8859-1A70B40D35F2}"
EndProject
Project("{FAE04EC0-301F-11D3-BF4B-00C04F79EFBC}") = "SocialMediaBackend.Modules.Feed.Infrastructure", "src\Modules\Feed\Infrastructure\SocialMediaBackend.Modules.Feed.Infrastructure.csproj", "{19C87F94-0C16-434E-972F-2442BEACBC76}"
EndProject
Project("{FAE04EC0-301F-11D3-BF4B-00C04F79EFBC}") = "SocialMediaBackend.Modules.Feed.IntegrationEvents", "src\Modules\Feed\IntegrationEvents\SocialMediaBackend.Modules.Feed.IntegrationEvents.csproj", "{CB910357-1575-490F-9897-8450B660A42D}"
EndProject
Project("{FAE04EC0-301F-11D3-BF4B-00C04F79EFBC}") = "SocialMediaBackend.Modules.Feed.Domain", "src\Modules\Feed\Domain\SocialMediaBackend.Modules.Feed.Domain.csproj", "{A7521E0E-3742-4C35-893E-1A20168BE768}"
EndProject
Project("{FAE04EC0-301F-11D3-BF4B-00C04F79EFBC}") = "SocialMediaBackend.Modules.Feed.Application", "src\Modules\Feed\Application\SocialMediaBackend.Modules.Feed.Application.csproj", "{3562295D-60CE-410B-9C70-D48F299765AD}"
EndProject
Project("{FAE04EC0-301F-11D3-BF4B-00C04F79EFBC}") = "SocialMediaBackend.BuildingBlocks.Domain", "src\BuildingBlocks\Domain\SocialMediaBackend.BuildingBlocks.Domain.csproj", "{4E236B9B-643F-4FA2-AFFD-1DFC89FC10C9}"
EndProject
Project("{FAE04EC0-301F-11D3-BF4B-00C04F79EFBC}") = "SocialMediaBackend.BuildingBlocks.Infrastructure", "src\BuildingBlocks\Infrastructure\SocialMediaBackend.BuildingBlocks.Infrastructure.csproj", "{7A72937A-C9F0-4387-947E-AD59527F496F}"
EndProject
Project("{FAE04EC0-301F-11D3-BF4B-00C04F79EFBC}") = "SocialMediaBackend.BuildingBlocks.Application", "src\BuildingBlocks\Application\SocialMediaBackend.BuildingBlocks.Application.csproj", "{1AF5E0EB-489F-4925-A310-476680B4FF59}"
EndProject
Project("{FAE04EC0-301F-11D3-BF4B-00C04F79EFBC}") = "SocialMediaBackend.Modules.Users.IntegrationEvents", "src\Modules\Users\IntegrationEvents\SocialMediaBackend.Modules.Users.IntegrationEvents.csproj", "{E3FE177F-6D9A-4718-8A39-9B5C9D391887}"
EndProject
Project("{2150E333-8FDC-42A3-9474-1A3956D46DE8}") = "Database", "Database", "{3187E876-E3AF-4179-967A-5E927F4E256A}"
EndProject
Project("{FAE04EC0-301F-11D3-BF4B-00C04F79EFBC}") = "DatabaseMigrator", "src\Database\DatabaseMigrator\DatabaseMigrator.csproj", "{03EFD9FF-9ACE-4088-B7F0-1FEDE4D8818C}"
EndProject
Project("{2150E333-8FDC-42A3-9474-1A3956D46DE8}") = "Chat", "Chat", "{BB7DEF0B-AC7E-44E2-9BB3-9C0CFA69500B}"
EndProject
Project("{FAE04EC0-301F-11D3-BF4B-00C04F79EFBC}") = "SocialMediaBackend.Modules.Chat.Domain", "src\Modules\Chat\Domain\SocialMediaBackend.Modules.Chat.Domain.csproj", "{3D2DDE89-4507-4DC9-B4E5-B07004CEE710}"
EndProject
Project("{FAE04EC0-301F-11D3-BF4B-00C04F79EFBC}") = "SocialMediaBackend.Modules.Chat.Application", "src\Modules\Chat\Application\SocialMediaBackend.Modules.Chat.Application.csproj", "{7F759845-99A4-41B3-B79D-635D342A7FF5}"
EndProject
Project("{FAE04EC0-301F-11D3-BF4B-00C04F79EFBC}") = "SocialMediaBackend.Modules.Chat.Infrastructure", "src\Modules\Chat\Infrastructure\SocialMediaBackend.Modules.Chat.Infrastructure.csproj", "{A00B3E14-D52A-43C6-BDD3-5A44ACD625C7}"
EndProject
Project("{FAE04EC0-301F-11D3-BF4B-00C04F79EFBC}") = "SocialMediaBackend.Modules.Chat.IntegrationEvents", "src\Modules\Chat\IntegrationEvents\SocialMediaBackend.Modules.Chat.IntegrationEvents.csproj", "{BF3EF0C0-D97C-49D5-98FC-5918726061EA}"
EndProject
Project("{2150E333-8FDC-42A3-9474-1A3956D46DE8}") = "Tests", "Tests", "{98EA45F1-8D26-44F9-ABE2-B135B604D317}"
EndProject
Project("{FAE04EC0-301F-11D3-BF4B-00C04F79EFBC}") = "SocialMediaBackend.Modules.Chat.Tests.UnitTests", "src\Modules\Chat\Tests\UnitTests\SocialMediaBackend.Modules.Chat.Tests.UnitTests.csproj", "{4D098B82-9FD3-4659-8326-11CB43F4E5E5}"
EndProject
Project("{FAE04EC0-301F-11D3-BF4B-00C04F79EFBC}") = "SocialMediaBackend.Modules.Chat.Tests.IntegrationTests", "src\Modules\Chat\Tests\IntegrationTests\SocialMediaBackend.Modules.Chat.Tests.IntegrationTests.csproj", "{C2B34921-1EEB-4EE7-B0EB-CF3BB1ADEAB0}"
EndProject
Project("{FAE04EC0-301F-11D3-BF4B-00C04F79EFBC}") = "SocialMediaBackend.Modules.Chat.Tests.Core", "src\Modules\Chat\Tests\Tests.Core\SocialMediaBackend.Modules.Chat.Tests.Core.csproj", "{88A47969-0965-4CBB-BE47-221EDCCF782E}"
EndProject
Project("{FAE04EC0-301F-11D3-BF4B-00C04F79EFBC}") = "SocialMediaBackend.BuildingBlocks.Tests", "src\BuildingBlocks\Tests\SocialMediaBackend.BuildingBlocks.Tests.csproj", "{B457CD93-2760-4327-A1BE-204508D81D5C}"
EndProject
Global
	GlobalSection(SolutionConfigurationPlatforms) = preSolution
		Debug|Any CPU = Debug|Any CPU
		Release|Any CPU = Release|Any CPU
	EndGlobalSection
	GlobalSection(ProjectConfigurationPlatforms) = postSolution
		{C7FFC0E5-10FF-4C36-BEEB-B345A88331C1}.Debug|Any CPU.ActiveCfg = Debug|Any CPU
		{C7FFC0E5-10FF-4C36-BEEB-B345A88331C1}.Debug|Any CPU.Build.0 = Debug|Any CPU
		{C7FFC0E5-10FF-4C36-BEEB-B345A88331C1}.Release|Any CPU.ActiveCfg = Release|Any CPU
		{C7FFC0E5-10FF-4C36-BEEB-B345A88331C1}.Release|Any CPU.Build.0 = Release|Any CPU
		{204261A4-62DA-4954-B7C9-A51C6004D0A7}.Debug|Any CPU.ActiveCfg = Debug|Any CPU
		{204261A4-62DA-4954-B7C9-A51C6004D0A7}.Debug|Any CPU.Build.0 = Debug|Any CPU
		{204261A4-62DA-4954-B7C9-A51C6004D0A7}.Release|Any CPU.ActiveCfg = Release|Any CPU
		{204261A4-62DA-4954-B7C9-A51C6004D0A7}.Release|Any CPU.Build.0 = Release|Any CPU
		{A904314D-5C3A-4F7A-B057-B2ECAFC822F7}.Debug|Any CPU.ActiveCfg = Debug|Any CPU
		{A904314D-5C3A-4F7A-B057-B2ECAFC822F7}.Debug|Any CPU.Build.0 = Debug|Any CPU
		{A904314D-5C3A-4F7A-B057-B2ECAFC822F7}.Release|Any CPU.ActiveCfg = Release|Any CPU
		{A904314D-5C3A-4F7A-B057-B2ECAFC822F7}.Release|Any CPU.Build.0 = Release|Any CPU
		{F52130D2-6EF4-40B8-BA80-79A8C3E524AA}.Debug|Any CPU.ActiveCfg = Debug|Any CPU
		{F52130D2-6EF4-40B8-BA80-79A8C3E524AA}.Debug|Any CPU.Build.0 = Debug|Any CPU
		{F52130D2-6EF4-40B8-BA80-79A8C3E524AA}.Release|Any CPU.ActiveCfg = Release|Any CPU
		{F52130D2-6EF4-40B8-BA80-79A8C3E524AA}.Release|Any CPU.Build.0 = Release|Any CPU
		{65DBB002-F9B1-4B34-89D2-7250D7460AB3}.Debug|Any CPU.ActiveCfg = Debug|Any CPU
		{65DBB002-F9B1-4B34-89D2-7250D7460AB3}.Debug|Any CPU.Build.0 = Debug|Any CPU
		{65DBB002-F9B1-4B34-89D2-7250D7460AB3}.Release|Any CPU.ActiveCfg = Release|Any CPU
		{65DBB002-F9B1-4B34-89D2-7250D7460AB3}.Release|Any CPU.Build.0 = Release|Any CPU
		{EBD1054C-37D9-46DA-9938-0C68ABF08673}.Debug|Any CPU.ActiveCfg = Debug|Any CPU
		{EBD1054C-37D9-46DA-9938-0C68ABF08673}.Debug|Any CPU.Build.0 = Debug|Any CPU
		{EBD1054C-37D9-46DA-9938-0C68ABF08673}.Release|Any CPU.ActiveCfg = Release|Any CPU
		{EBD1054C-37D9-46DA-9938-0C68ABF08673}.Release|Any CPU.Build.0 = Release|Any CPU
		{8FF3E63D-CF86-4D73-A819-0F58828280EF}.Debug|Any CPU.ActiveCfg = Debug|Any CPU
		{8FF3E63D-CF86-4D73-A819-0F58828280EF}.Debug|Any CPU.Build.0 = Debug|Any CPU
		{8FF3E63D-CF86-4D73-A819-0F58828280EF}.Release|Any CPU.ActiveCfg = Release|Any CPU
		{8FF3E63D-CF86-4D73-A819-0F58828280EF}.Release|Any CPU.Build.0 = Release|Any CPU
		{745CFFAE-1DC7-49CD-A7EC-7D787A540E9C}.Debug|Any CPU.ActiveCfg = Debug|Any CPU
		{745CFFAE-1DC7-49CD-A7EC-7D787A540E9C}.Debug|Any CPU.Build.0 = Debug|Any CPU
		{745CFFAE-1DC7-49CD-A7EC-7D787A540E9C}.Release|Any CPU.ActiveCfg = Release|Any CPU
		{745CFFAE-1DC7-49CD-A7EC-7D787A540E9C}.Release|Any CPU.Build.0 = Release|Any CPU
		{C5B81626-8437-4C6A-AA27-78973D9FAB8D}.Debug|Any CPU.ActiveCfg = Debug|Any CPU
		{C5B81626-8437-4C6A-AA27-78973D9FAB8D}.Debug|Any CPU.Build.0 = Debug|Any CPU
		{C5B81626-8437-4C6A-AA27-78973D9FAB8D}.Release|Any CPU.ActiveCfg = Release|Any CPU
		{C5B81626-8437-4C6A-AA27-78973D9FAB8D}.Release|Any CPU.Build.0 = Release|Any CPU
		{7B3BE186-5588-4F8A-B78B-B43A1E418F3E}.Debug|Any CPU.ActiveCfg = Debug|Any CPU
		{7B3BE186-5588-4F8A-B78B-B43A1E418F3E}.Debug|Any CPU.Build.0 = Debug|Any CPU
		{7B3BE186-5588-4F8A-B78B-B43A1E418F3E}.Release|Any CPU.ActiveCfg = Release|Any CPU
		{7B3BE186-5588-4F8A-B78B-B43A1E418F3E}.Release|Any CPU.Build.0 = Release|Any CPU
		{947E9160-4858-4FAD-BD80-731C02E5FA77}.Debug|Any CPU.ActiveCfg = Debug|Any CPU
		{947E9160-4858-4FAD-BD80-731C02E5FA77}.Debug|Any CPU.Build.0 = Debug|Any CPU
		{947E9160-4858-4FAD-BD80-731C02E5FA77}.Release|Any CPU.ActiveCfg = Release|Any CPU
		{947E9160-4858-4FAD-BD80-731C02E5FA77}.Release|Any CPU.Build.0 = Release|Any CPU
		{A17C1113-64B6-4231-8335-747E0BBFD4A6}.Debug|Any CPU.ActiveCfg = Debug|Any CPU
		{A17C1113-64B6-4231-8335-747E0BBFD4A6}.Debug|Any CPU.Build.0 = Debug|Any CPU
		{A17C1113-64B6-4231-8335-747E0BBFD4A6}.Release|Any CPU.ActiveCfg = Release|Any CPU
		{A17C1113-64B6-4231-8335-747E0BBFD4A6}.Release|Any CPU.Build.0 = Release|Any CPU
		{19C87F94-0C16-434E-972F-2442BEACBC76}.Debug|Any CPU.ActiveCfg = Debug|Any CPU
		{19C87F94-0C16-434E-972F-2442BEACBC76}.Debug|Any CPU.Build.0 = Debug|Any CPU
		{19C87F94-0C16-434E-972F-2442BEACBC76}.Release|Any CPU.ActiveCfg = Release|Any CPU
		{19C87F94-0C16-434E-972F-2442BEACBC76}.Release|Any CPU.Build.0 = Release|Any CPU
		{CB910357-1575-490F-9897-8450B660A42D}.Debug|Any CPU.ActiveCfg = Debug|Any CPU
		{CB910357-1575-490F-9897-8450B660A42D}.Debug|Any CPU.Build.0 = Debug|Any CPU
		{CB910357-1575-490F-9897-8450B660A42D}.Release|Any CPU.ActiveCfg = Release|Any CPU
		{CB910357-1575-490F-9897-8450B660A42D}.Release|Any CPU.Build.0 = Release|Any CPU
		{A7521E0E-3742-4C35-893E-1A20168BE768}.Debug|Any CPU.ActiveCfg = Debug|Any CPU
		{A7521E0E-3742-4C35-893E-1A20168BE768}.Debug|Any CPU.Build.0 = Debug|Any CPU
		{A7521E0E-3742-4C35-893E-1A20168BE768}.Release|Any CPU.ActiveCfg = Release|Any CPU
		{A7521E0E-3742-4C35-893E-1A20168BE768}.Release|Any CPU.Build.0 = Release|Any CPU
		{3562295D-60CE-410B-9C70-D48F299765AD}.Debug|Any CPU.ActiveCfg = Debug|Any CPU
		{3562295D-60CE-410B-9C70-D48F299765AD}.Debug|Any CPU.Build.0 = Debug|Any CPU
		{3562295D-60CE-410B-9C70-D48F299765AD}.Release|Any CPU.ActiveCfg = Release|Any CPU
		{3562295D-60CE-410B-9C70-D48F299765AD}.Release|Any CPU.Build.0 = Release|Any CPU
		{4E236B9B-643F-4FA2-AFFD-1DFC89FC10C9}.Debug|Any CPU.ActiveCfg = Debug|Any CPU
		{4E236B9B-643F-4FA2-AFFD-1DFC89FC10C9}.Debug|Any CPU.Build.0 = Debug|Any CPU
		{4E236B9B-643F-4FA2-AFFD-1DFC89FC10C9}.Release|Any CPU.ActiveCfg = Release|Any CPU
		{4E236B9B-643F-4FA2-AFFD-1DFC89FC10C9}.Release|Any CPU.Build.0 = Release|Any CPU
		{7A72937A-C9F0-4387-947E-AD59527F496F}.Debug|Any CPU.ActiveCfg = Debug|Any CPU
		{7A72937A-C9F0-4387-947E-AD59527F496F}.Debug|Any CPU.Build.0 = Debug|Any CPU
		{7A72937A-C9F0-4387-947E-AD59527F496F}.Release|Any CPU.ActiveCfg = Release|Any CPU
		{7A72937A-C9F0-4387-947E-AD59527F496F}.Release|Any CPU.Build.0 = Release|Any CPU
		{1AF5E0EB-489F-4925-A310-476680B4FF59}.Debug|Any CPU.ActiveCfg = Debug|Any CPU
		{1AF5E0EB-489F-4925-A310-476680B4FF59}.Debug|Any CPU.Build.0 = Debug|Any CPU
		{1AF5E0EB-489F-4925-A310-476680B4FF59}.Release|Any CPU.ActiveCfg = Release|Any CPU
		{1AF5E0EB-489F-4925-A310-476680B4FF59}.Release|Any CPU.Build.0 = Release|Any CPU
		{E3FE177F-6D9A-4718-8A39-9B5C9D391887}.Debug|Any CPU.ActiveCfg = Debug|Any CPU
		{E3FE177F-6D9A-4718-8A39-9B5C9D391887}.Debug|Any CPU.Build.0 = Debug|Any CPU
		{E3FE177F-6D9A-4718-8A39-9B5C9D391887}.Release|Any CPU.ActiveCfg = Release|Any CPU
		{E3FE177F-6D9A-4718-8A39-9B5C9D391887}.Release|Any CPU.Build.0 = Release|Any CPU
		{03EFD9FF-9ACE-4088-B7F0-1FEDE4D8818C}.Debug|Any CPU.ActiveCfg = Debug|Any CPU
		{03EFD9FF-9ACE-4088-B7F0-1FEDE4D8818C}.Debug|Any CPU.Build.0 = Debug|Any CPU
		{03EFD9FF-9ACE-4088-B7F0-1FEDE4D8818C}.Release|Any CPU.ActiveCfg = Release|Any CPU
		{03EFD9FF-9ACE-4088-B7F0-1FEDE4D8818C}.Release|Any CPU.Build.0 = Release|Any CPU
		{3D2DDE89-4507-4DC9-B4E5-B07004CEE710}.Debug|Any CPU.ActiveCfg = Debug|Any CPU
		{3D2DDE89-4507-4DC9-B4E5-B07004CEE710}.Debug|Any CPU.Build.0 = Debug|Any CPU
		{3D2DDE89-4507-4DC9-B4E5-B07004CEE710}.Release|Any CPU.ActiveCfg = Release|Any CPU
		{3D2DDE89-4507-4DC9-B4E5-B07004CEE710}.Release|Any CPU.Build.0 = Release|Any CPU
		{7F759845-99A4-41B3-B79D-635D342A7FF5}.Debug|Any CPU.ActiveCfg = Debug|Any CPU
		{7F759845-99A4-41B3-B79D-635D342A7FF5}.Debug|Any CPU.Build.0 = Debug|Any CPU
		{7F759845-99A4-41B3-B79D-635D342A7FF5}.Release|Any CPU.ActiveCfg = Release|Any CPU
		{7F759845-99A4-41B3-B79D-635D342A7FF5}.Release|Any CPU.Build.0 = Release|Any CPU
		{A00B3E14-D52A-43C6-BDD3-5A44ACD625C7}.Debug|Any CPU.ActiveCfg = Debug|Any CPU
		{A00B3E14-D52A-43C6-BDD3-5A44ACD625C7}.Debug|Any CPU.Build.0 = Debug|Any CPU
		{A00B3E14-D52A-43C6-BDD3-5A44ACD625C7}.Release|Any CPU.ActiveCfg = Release|Any CPU
		{A00B3E14-D52A-43C6-BDD3-5A44ACD625C7}.Release|Any CPU.Build.0 = Release|Any CPU
		{BF3EF0C0-D97C-49D5-98FC-5918726061EA}.Debug|Any CPU.ActiveCfg = Debug|Any CPU
		{BF3EF0C0-D97C-49D5-98FC-5918726061EA}.Debug|Any CPU.Build.0 = Debug|Any CPU
		{BF3EF0C0-D97C-49D5-98FC-5918726061EA}.Release|Any CPU.ActiveCfg = Release|Any CPU
		{BF3EF0C0-D97C-49D5-98FC-5918726061EA}.Release|Any CPU.Build.0 = Release|Any CPU
		{4D098B82-9FD3-4659-8326-11CB43F4E5E5}.Debug|Any CPU.ActiveCfg = Debug|Any CPU
		{4D098B82-9FD3-4659-8326-11CB43F4E5E5}.Debug|Any CPU.Build.0 = Debug|Any CPU
		{4D098B82-9FD3-4659-8326-11CB43F4E5E5}.Release|Any CPU.ActiveCfg = Release|Any CPU
		{4D098B82-9FD3-4659-8326-11CB43F4E5E5}.Release|Any CPU.Build.0 = Release|Any CPU
		{C2B34921-1EEB-4EE7-B0EB-CF3BB1ADEAB0}.Debug|Any CPU.ActiveCfg = Debug|Any CPU
		{C2B34921-1EEB-4EE7-B0EB-CF3BB1ADEAB0}.Debug|Any CPU.Build.0 = Debug|Any CPU
		{C2B34921-1EEB-4EE7-B0EB-CF3BB1ADEAB0}.Release|Any CPU.ActiveCfg = Release|Any CPU
		{C2B34921-1EEB-4EE7-B0EB-CF3BB1ADEAB0}.Release|Any CPU.Build.0 = Release|Any CPU
		{88A47969-0965-4CBB-BE47-221EDCCF782E}.Debug|Any CPU.ActiveCfg = Debug|Any CPU
		{88A47969-0965-4CBB-BE47-221EDCCF782E}.Debug|Any CPU.Build.0 = Debug|Any CPU
		{88A47969-0965-4CBB-BE47-221EDCCF782E}.Release|Any CPU.ActiveCfg = Release|Any CPU
		{88A47969-0965-4CBB-BE47-221EDCCF782E}.Release|Any CPU.Build.0 = Release|Any CPU
		{B457CD93-2760-4327-A1BE-204508D81D5C}.Debug|Any CPU.ActiveCfg = Debug|Any CPU
		{B457CD93-2760-4327-A1BE-204508D81D5C}.Debug|Any CPU.Build.0 = Debug|Any CPU
		{B457CD93-2760-4327-A1BE-204508D81D5C}.Release|Any CPU.ActiveCfg = Release|Any CPU
		{B457CD93-2760-4327-A1BE-204508D81D5C}.Release|Any CPU.Build.0 = Release|Any CPU
	EndGlobalSection
	GlobalSection(SolutionProperties) = preSolution
		HideSolutionNode = FALSE
	EndGlobalSection
	GlobalSection(NestedProjects) = preSolution
		{11DDF153-D937-4E3D-99DD-D8838172918C} = {A2E5176F-DF22-403A-9204-4DBC54BBCA3B}
		{C7FFC0E5-10FF-4C36-BEEB-B345A88331C1} = {11DDF153-D937-4E3D-99DD-D8838172918C}
		{204261A4-62DA-4954-B7C9-A51C6004D0A7} = {04B0753E-12A4-4C82-A172-288D61312FB1}
		{A904314D-5C3A-4F7A-B057-B2ECAFC822F7} = {5C298AE4-4AE0-4A8D-9F27-FC40D0945CE8}
		{9B00FAC1-A11F-4883-BA46-EA0501F7B2C4} = {4274D189-B5BE-446D-855D-05F990FF6C95}
		{1EB6AD4D-91BB-4572-AEDD-81BED2882F97} = {A2E5176F-DF22-403A-9204-4DBC54BBCA3B}
		{4274D189-B5BE-446D-855D-05F990FF6C95} = {1EB6AD4D-91BB-4572-AEDD-81BED2882F97}
		{5F199362-B8D2-4057-91CE-603D45C041E7} = {1EB6AD4D-91BB-4572-AEDD-81BED2882F97}
		{F52130D2-6EF4-40B8-BA80-79A8C3E524AA} = {4274D189-B5BE-446D-855D-05F990FF6C95}
		{65DBB002-F9B1-4B34-89D2-7250D7460AB3} = {4274D189-B5BE-446D-855D-05F990FF6C95}
		{EBD1054C-37D9-46DA-9938-0C68ABF08673} = {4274D189-B5BE-446D-855D-05F990FF6C95}
		{CC13822B-E6DA-45AD-A6EE-28B9DA8978DF} = {5F199362-B8D2-4057-91CE-603D45C041E7}
		{8FF3E63D-CF86-4D73-A819-0F58828280EF} = {CC13822B-E6DA-45AD-A6EE-28B9DA8978DF}
		{745CFFAE-1DC7-49CD-A7EC-7D787A540E9C} = {CC13822B-E6DA-45AD-A6EE-28B9DA8978DF}
		{C5B81626-8437-4C6A-AA27-78973D9FAB8D} = {CC13822B-E6DA-45AD-A6EE-28B9DA8978DF}
		{7B3BE186-5588-4F8A-B78B-B43A1E418F3E} = {9B00FAC1-A11F-4883-BA46-EA0501F7B2C4}
		{947E9160-4858-4FAD-BD80-731C02E5FA77} = {9B00FAC1-A11F-4883-BA46-EA0501F7B2C4}
		{A17C1113-64B6-4231-8335-747E0BBFD4A6} = {9B00FAC1-A11F-4883-BA46-EA0501F7B2C4}
		{1C2E08F2-6A68-4742-8859-1A70B40D35F2} = {A2E5176F-DF22-403A-9204-4DBC54BBCA3B}
		{19C87F94-0C16-434E-972F-2442BEACBC76} = {5F199362-B8D2-4057-91CE-603D45C041E7}
		{CB910357-1575-490F-9897-8450B660A42D} = {5F199362-B8D2-4057-91CE-603D45C041E7}
		{A7521E0E-3742-4C35-893E-1A20168BE768} = {5F199362-B8D2-4057-91CE-603D45C041E7}
		{3562295D-60CE-410B-9C70-D48F299765AD} = {5F199362-B8D2-4057-91CE-603D45C041E7}
		{4E236B9B-643F-4FA2-AFFD-1DFC89FC10C9} = {1C2E08F2-6A68-4742-8859-1A70B40D35F2}
		{7A72937A-C9F0-4387-947E-AD59527F496F} = {1C2E08F2-6A68-4742-8859-1A70B40D35F2}
		{1AF5E0EB-489F-4925-A310-476680B4FF59} = {1C2E08F2-6A68-4742-8859-1A70B40D35F2}
		{E3FE177F-6D9A-4718-8A39-9B5C9D391887} = {4274D189-B5BE-446D-855D-05F990FF6C95}
		{3187E876-E3AF-4179-967A-5E927F4E256A} = {A2E5176F-DF22-403A-9204-4DBC54BBCA3B}
		{03EFD9FF-9ACE-4088-B7F0-1FEDE4D8818C} = {3187E876-E3AF-4179-967A-5E927F4E256A}
		{BB7DEF0B-AC7E-44E2-9BB3-9C0CFA69500B} = {1EB6AD4D-91BB-4572-AEDD-81BED2882F97}
		{3D2DDE89-4507-4DC9-B4E5-B07004CEE710} = {BB7DEF0B-AC7E-44E2-9BB3-9C0CFA69500B}
		{7F759845-99A4-41B3-B79D-635D342A7FF5} = {BB7DEF0B-AC7E-44E2-9BB3-9C0CFA69500B}
		{A00B3E14-D52A-43C6-BDD3-5A44ACD625C7} = {BB7DEF0B-AC7E-44E2-9BB3-9C0CFA69500B}
		{BF3EF0C0-D97C-49D5-98FC-5918726061EA} = {BB7DEF0B-AC7E-44E2-9BB3-9C0CFA69500B}
		{98EA45F1-8D26-44F9-ABE2-B135B604D317} = {BB7DEF0B-AC7E-44E2-9BB3-9C0CFA69500B}
		{4D098B82-9FD3-4659-8326-11CB43F4E5E5} = {98EA45F1-8D26-44F9-ABE2-B135B604D317}
		{C2B34921-1EEB-4EE7-B0EB-CF3BB1ADEAB0} = {98EA45F1-8D26-44F9-ABE2-B135B604D317}
		{88A47969-0965-4CBB-BE47-221EDCCF782E} = {98EA45F1-8D26-44F9-ABE2-B135B604D317}
		{B457CD93-2760-4327-A1BE-204508D81D5C} = {1C2E08F2-6A68-4742-8859-1A70B40D35F2}
	EndGlobalSection
EndGlobal
